// !$*UTF8*$!
{
	archiveVersion = 1;
	classes = {
	};
	objectVersion = 50;
	objects = {

/* Begin PBXBuildFile section */
		4098EE1E232D0816001255BB /* AppDelegate.swift in Sources */ = {isa = PBXBuildFile; fileRef = 4098EE1D232D0816001255BB /* AppDelegate.swift */; };
		4098EE20232D0816001255BB /* ViewController.swift in Sources */ = {isa = PBXBuildFile; fileRef = 4098EE1F232D0816001255BB /* ViewController.swift */; };
		4098EE23232D0816001255BB /* Main.storyboard in Resources */ = {isa = PBXBuildFile; fileRef = 4098EE21232D0816001255BB /* Main.storyboard */; };
		4098EE25232D0816001255BB /* Assets.xcassets in Resources */ = {isa = PBXBuildFile; fileRef = 4098EE24232D0816001255BB /* Assets.xcassets */; };
		4098EE28232D0816001255BB /* LaunchScreen.storyboard in Resources */ = {isa = PBXBuildFile; fileRef = 4098EE26232D0816001255BB /* LaunchScreen.storyboard */; };
		4098EE33232D0816001255BB /* RDGalleryPickerTests.swift in Sources */ = {isa = PBXBuildFile; fileRef = 4098EE32232D0816001255BB /* RDGalleryPickerTests.swift */; };
		4098EE3E232D0816001255BB /* RDGalleryPickerUITests.swift in Sources */ = {isa = PBXBuildFile; fileRef = 4098EE3D232D0816001255BB /* RDGalleryPickerUITests.swift */; };
		4098EE87232D0838001255BB /* ImagesController.swift in Sources */ = {isa = PBXBuildFile; fileRef = 4098EE4D232D0838001255BB /* ImagesController.swift */; };
		4098EE88232D0838001255BB /* Album.swift in Sources */ = {isa = PBXBuildFile; fileRef = 4098EE4E232D0838001255BB /* Album.swift */; };
		4098EE89232D0838001255BB /* Image.swift in Sources */ = {isa = PBXBuildFile; fileRef = 4098EE4F232D0838001255BB /* Image.swift */; };
		4098EE8A232D0838001255BB /* ImagesLibrary.swift in Sources */ = {isa = PBXBuildFile; fileRef = 4098EE50232D0838001255BB /* ImagesLibrary.swift */; };
		4098EE8B232D0838001255BB /* Cart.swift in Sources */ = {isa = PBXBuildFile; fileRef = 4098EE51232D0838001255BB /* Cart.swift */; };
		4098EE8C232D0838001255BB /* ImageCell.swift in Sources */ = {isa = PBXBuildFile; fileRef = 4098EE52232D0838001255BB /* ImageCell.swift */; };
		4098EE8D232D0838001255BB /* TripleButton.swift in Sources */ = {isa = PBXBuildFile; fileRef = 4098EE54232D0838001255BB /* TripleButton.swift */; };
		4098EE8E232D0838001255BB /* CameraController.swift in Sources */ = {isa = PBXBuildFile; fileRef = 4098EE55232D0838001255BB /* CameraController.swift */; };
		4098EE8F232D0838001255BB /* ShutterButton.swift in Sources */ = {isa = PBXBuildFile; fileRef = 4098EE56232D0838001255BB /* ShutterButton.swift */; };
		4098EE90232D0838001255BB /* CameraMan.swift in Sources */ = {isa = PBXBuildFile; fileRef = 4098EE57232D0838001255BB /* CameraMan.swift */; };
		4098EE91232D0838001255BB /* StackView.swift in Sources */ = {isa = PBXBuildFile; fileRef = 4098EE58232D0838001255BB /* StackView.swift */; };
		4098EE92232D0838001255BB /* CameraView.swift in Sources */ = {isa = PBXBuildFile; fileRef = 4098EE59232D0838001255BB /* CameraView.swift */; };
		4098EE93232D0838001255BB /* GalleryController.swift in Sources */ = {isa = PBXBuildFile; fileRef = 4098EE5B232D0838001255BB /* GalleryController.swift */; };
		4098EE94232D0838001255BB /* Once.swift in Sources */ = {isa = PBXBuildFile; fileRef = 4098EE5D232D0838001255BB /* Once.swift */; };
		4098EE95232D0838001255BB /* DropdownController.swift in Sources */ = {isa = PBXBuildFile; fileRef = 4098EE5F232D0838001255BB /* DropdownController.swift */; };
		4098EE96232D0838001255BB /* Constraints.swift in Sources */ = {isa = PBXBuildFile; fileRef = 4098EE60232D0838001255BB /* Constraints.swift */; };
		4098EE97232D0838001255BB /* AdvancedVideoEditor.swift in Sources */ = {isa = PBXBuildFile; fileRef = 4098EE62232D0838001255BB /* AdvancedVideoEditor.swift */; };
		4098EE98232D0838001255BB /* VideoEditing.swift in Sources */ = {isa = PBXBuildFile; fileRef = 4098EE63232D0838001255BB /* VideoEditing.swift */; };
		4098EE99232D0838001255BB /* VideoEditor.swift in Sources */ = {isa = PBXBuildFile; fileRef = 4098EE64232D0838001255BB /* VideoEditor.swift */; };
		4098EE9A232D0838001255BB /* EditInfo.swift in Sources */ = {isa = PBXBuildFile; fileRef = 4098EE65232D0838001255BB /* EditInfo.swift */; };
		4098EE9B232D0838001255BB /* EventHub.swift in Sources */ = {isa = PBXBuildFile; fileRef = 4098EE66232D0838001255BB /* EventHub.swift */; };
		4098EE9C232D0838001255BB /* GalleryBundle.swift in Sources */ = {isa = PBXBuildFile; fileRef = 4098EE67232D0838001255BB /* GalleryBundle.swift */; };
		4098EE9D232D0838001255BB /* Config.swift in Sources */ = {isa = PBXBuildFile; fileRef = 4098EE68232D0838001255BB /* Config.swift */; };
		4098EE9E232D0838001255BB /* Array+Extensions.swift in Sources */ = {isa = PBXBuildFile; fileRef = 4098EE6A232D0838001255BB /* Array+Extensions.swift */; };
		4098EE9F232D0838001255BB /* UIImageView+Extensions.swift in Sources */ = {isa = PBXBuildFile; fileRef = 4098EE6B232D0838001255BB /* UIImageView+Extensions.swift */; };
		4098EEA0232D0838001255BB /* UIViewController+Extensions.swift in Sources */ = {isa = PBXBuildFile; fileRef = 4098EE6C232D0838001255BB /* UIViewController+Extensions.swift */; };
		4098EEA1232D0838001255BB /* UIView+Extensions.swift in Sources */ = {isa = PBXBuildFile; fileRef = 4098EE6D232D0838001255BB /* UIView+Extensions.swift */; };
		4098EEA2232D0838001255BB /* String+Extensions.swift in Sources */ = {isa = PBXBuildFile; fileRef = 4098EE6E232D0838001255BB /* String+Extensions.swift */; };
		4098EEA3232D0838001255BB /* AVAsset+Extensions.swift in Sources */ = {isa = PBXBuildFile; fileRef = 4098EE6F232D0838001255BB /* AVAsset+Extensions.swift */; };
		4098EEA4232D0838001255BB /* UIScrollView+Extensions.swift in Sources */ = {isa = PBXBuildFile; fileRef = 4098EE70232D0838001255BB /* UIScrollView+Extensions.swift */; };
		4098EEA5232D0838001255BB /* EmptyView.swift in Sources */ = {isa = PBXBuildFile; fileRef = 4098EE72232D0838001255BB /* EmptyView.swift */; };
		4098EEA6232D0838001255BB /* FrameView.swift in Sources */ = {isa = PBXBuildFile; fileRef = 4098EE73232D0838001255BB /* FrameView.swift */; };
		4098EEA7232D0838001255BB /* AlbumCell.swift in Sources */ = {isa = PBXBuildFile; fileRef = 4098EE74232D0838001255BB /* AlbumCell.swift */; };
		4098EEA8232D0838001255BB /* ArrowButton.swift in Sources */ = {isa = PBXBuildFile; fileRef = 4098EE75232D0838001255BB /* ArrowButton.swift */; };
		4098EEA9232D0838001255BB /* GridView.swift in Sources */ = {isa = PBXBuildFile; fileRef = 4098EE76232D0838001255BB /* GridView.swift */; };
		4098EEAA232D0838001255BB /* Fetcher.swift in Sources */ = {isa = PBXBuildFile; fileRef = 4098EE77232D0838001255BB /* Fetcher.swift */; };
		4098EEAB232D0838001255BB /* Utils.swift in Sources */ = {isa = PBXBuildFile; fileRef = 4098EE78232D0838001255BB /* Utils.swift */; };
		4098EEAC232D0838001255BB /* Permission.swift in Sources */ = {isa = PBXBuildFile; fileRef = 4098EE7A232D0838001255BB /* Permission.swift */; };
		4098EEAD232D0838001255BB /* PermissionView.swift in Sources */ = {isa = PBXBuildFile; fileRef = 4098EE7B232D0838001255BB /* PermissionView.swift */; };
		4098EEAE232D0838001255BB /* PermissionController.swift in Sources */ = {isa = PBXBuildFile; fileRef = 4098EE7C232D0838001255BB /* PermissionController.swift */; };
		4098EEAF232D0838001255BB /* LocationManager.swift in Sources */ = {isa = PBXBuildFile; fileRef = 4098EE7D232D0838001255BB /* LocationManager.swift */; };
		4098EEB0232D0838001255BB /* PagesController.swift in Sources */ = {isa = PBXBuildFile; fileRef = 4098EE7F232D0838001255BB /* PagesController.swift */; };
		4098EEB1232D0838001255BB /* PageIndicator.swift in Sources */ = {isa = PBXBuildFile; fileRef = 4098EE80232D0838001255BB /* PageIndicator.swift */; };
		4098EEB2232D0838001255BB /* VideosController.swift in Sources */ = {isa = PBXBuildFile; fileRef = 4098EE82232D0838001255BB /* VideosController.swift */; };
		4098EEB3232D0838001255BB /* VideosLibrary.swift in Sources */ = {isa = PBXBuildFile; fileRef = 4098EE83232D0838001255BB /* VideosLibrary.swift */; };
		4098EEB4232D0838001255BB /* VideoCell.swift in Sources */ = {isa = PBXBuildFile; fileRef = 4098EE84232D0838001255BB /* VideoCell.swift */; };
		4098EEB5232D0838001255BB /* VideoBox.swift in Sources */ = {isa = PBXBuildFile; fileRef = 4098EE85232D0838001255BB /* VideoBox.swift */; };
		4098EEB6232D0838001255BB /* Video.swift in Sources */ = {isa = PBXBuildFile; fileRef = 4098EE86232D0838001255BB /* Video.swift */; };
/* End PBXBuildFile section */

/* Begin PBXContainerItemProxy section */
		4098EE2F232D0816001255BB /* PBXContainerItemProxy */ = {
			isa = PBXContainerItemProxy;
			containerPortal = 4098EE12232D0815001255BB /* Project object */;
			proxyType = 1;
			remoteGlobalIDString = 4098EE19232D0816001255BB;
			remoteInfo = RDGalleryPicker;
		};
		4098EE3A232D0816001255BB /* PBXContainerItemProxy */ = {
			isa = PBXContainerItemProxy;
			containerPortal = 4098EE12232D0815001255BB /* Project object */;
			proxyType = 1;
			remoteGlobalIDString = 4098EE19232D0816001255BB;
			remoteInfo = RDGalleryPicker;
		};
/* End PBXContainerItemProxy section */

/* Begin PBXFileReference section */
		4098EE1A232D0816001255BB /* RDGalleryPicker.app */ = {isa = PBXFileReference; explicitFileType = wrapper.application; includeInIndex = 0; path = RDGalleryPicker.app; sourceTree = BUILT_PRODUCTS_DIR; };
		4098EE1D232D0816001255BB /* AppDelegate.swift */ = {isa = PBXFileReference; lastKnownFileType = sourcecode.swift; path = AppDelegate.swift; sourceTree = "<group>"; };
		4098EE1F232D0816001255BB /* ViewController.swift */ = {isa = PBXFileReference; lastKnownFileType = sourcecode.swift; path = ViewController.swift; sourceTree = "<group>"; };
		4098EE22232D0816001255BB /* Base */ = {isa = PBXFileReference; lastKnownFileType = file.storyboard; name = Base; path = Base.lproj/Main.storyboard; sourceTree = "<group>"; };
		4098EE24232D0816001255BB /* Assets.xcassets */ = {isa = PBXFileReference; lastKnownFileType = folder.assetcatalog; path = Assets.xcassets; sourceTree = "<group>"; };
		4098EE27232D0816001255BB /* Base */ = {isa = PBXFileReference; lastKnownFileType = file.storyboard; name = Base; path = Base.lproj/LaunchScreen.storyboard; sourceTree = "<group>"; };
		4098EE29232D0816001255BB /* Info.plist */ = {isa = PBXFileReference; lastKnownFileType = text.plist.xml; path = Info.plist; sourceTree = "<group>"; };
		4098EE2E232D0816001255BB /* RDGalleryPickerTests.xctest */ = {isa = PBXFileReference; explicitFileType = wrapper.cfbundle; includeInIndex = 0; path = RDGalleryPickerTests.xctest; sourceTree = BUILT_PRODUCTS_DIR; };
		4098EE32232D0816001255BB /* RDGalleryPickerTests.swift */ = {isa = PBXFileReference; lastKnownFileType = sourcecode.swift; path = RDGalleryPickerTests.swift; sourceTree = "<group>"; };
		4098EE34232D0816001255BB /* Info.plist */ = {isa = PBXFileReference; lastKnownFileType = text.plist.xml; path = Info.plist; sourceTree = "<group>"; };
		4098EE39232D0816001255BB /* RDGalleryPickerUITests.xctest */ = {isa = PBXFileReference; explicitFileType = wrapper.cfbundle; includeInIndex = 0; path = RDGalleryPickerUITests.xctest; sourceTree = BUILT_PRODUCTS_DIR; };
		4098EE3D232D0816001255BB /* RDGalleryPickerUITests.swift */ = {isa = PBXFileReference; lastKnownFileType = sourcecode.swift; path = RDGalleryPickerUITests.swift; sourceTree = "<group>"; };
		4098EE3F232D0816001255BB /* Info.plist */ = {isa = PBXFileReference; lastKnownFileType = text.plist.xml; path = Info.plist; sourceTree = "<group>"; };
		4098EE4D232D0838001255BB /* ImagesController.swift */ = {isa = PBXFileReference; fileEncoding = 4; lastKnownFileType = sourcecode.swift; path = ImagesController.swift; sourceTree = "<group>"; };
		4098EE4E232D0838001255BB /* Album.swift */ = {isa = PBXFileReference; fileEncoding = 4; lastKnownFileType = sourcecode.swift; path = Album.swift; sourceTree = "<group>"; };
		4098EE4F232D0838001255BB /* Image.swift */ = {isa = PBXFileReference; fileEncoding = 4; lastKnownFileType = sourcecode.swift; path = Image.swift; sourceTree = "<group>"; };
		4098EE50232D0838001255BB /* ImagesLibrary.swift */ = {isa = PBXFileReference; fileEncoding = 4; lastKnownFileType = sourcecode.swift; path = ImagesLibrary.swift; sourceTree = "<group>"; };
		4098EE51232D0838001255BB /* Cart.swift */ = {isa = PBXFileReference; fileEncoding = 4; lastKnownFileType = sourcecode.swift; path = Cart.swift; sourceTree = "<group>"; };
		4098EE52232D0838001255BB /* ImageCell.swift */ = {isa = PBXFileReference; fileEncoding = 4; lastKnownFileType = sourcecode.swift; path = ImageCell.swift; sourceTree = "<group>"; };
		4098EE54232D0838001255BB /* TripleButton.swift */ = {isa = PBXFileReference; fileEncoding = 4; lastKnownFileType = sourcecode.swift; path = TripleButton.swift; sourceTree = "<group>"; };
		4098EE55232D0838001255BB /* CameraController.swift */ = {isa = PBXFileReference; fileEncoding = 4; lastKnownFileType = sourcecode.swift; path = CameraController.swift; sourceTree = "<group>"; };
		4098EE56232D0838001255BB /* ShutterButton.swift */ = {isa = PBXFileReference; fileEncoding = 4; lastKnownFileType = sourcecode.swift; path = ShutterButton.swift; sourceTree = "<group>"; };
		4098EE57232D0838001255BB /* CameraMan.swift */ = {isa = PBXFileReference; fileEncoding = 4; lastKnownFileType = sourcecode.swift; path = CameraMan.swift; sourceTree = "<group>"; };
		4098EE58232D0838001255BB /* StackView.swift */ = {isa = PBXFileReference; fileEncoding = 4; lastKnownFileType = sourcecode.swift; path = StackView.swift; sourceTree = "<group>"; };
		4098EE59232D0838001255BB /* CameraView.swift */ = {isa = PBXFileReference; fileEncoding = 4; lastKnownFileType = sourcecode.swift; path = CameraView.swift; sourceTree = "<group>"; };
		4098EE5B232D0838001255BB /* GalleryController.swift */ = {isa = PBXFileReference; fileEncoding = 4; lastKnownFileType = sourcecode.swift; path = GalleryController.swift; sourceTree = "<group>"; };
		4098EE5D232D0838001255BB /* Once.swift */ = {isa = PBXFileReference; fileEncoding = 4; lastKnownFileType = sourcecode.swift; path = Once.swift; sourceTree = "<group>"; };
		4098EE5F232D0838001255BB /* DropdownController.swift */ = {isa = PBXFileReference; fileEncoding = 4; lastKnownFileType = sourcecode.swift; path = DropdownController.swift; sourceTree = "<group>"; };
		4098EE60232D0838001255BB /* Constraints.swift */ = {isa = PBXFileReference; fileEncoding = 4; lastKnownFileType = sourcecode.swift; path = Constraints.swift; sourceTree = "<group>"; };
		4098EE62232D0838001255BB /* AdvancedVideoEditor.swift */ = {isa = PBXFileReference; fileEncoding = 4; lastKnownFileType = sourcecode.swift; path = AdvancedVideoEditor.swift; sourceTree = "<group>"; };
		4098EE63232D0838001255BB /* VideoEditing.swift */ = {isa = PBXFileReference; fileEncoding = 4; lastKnownFileType = sourcecode.swift; path = VideoEditing.swift; sourceTree = "<group>"; };
		4098EE64232D0838001255BB /* VideoEditor.swift */ = {isa = PBXFileReference; fileEncoding = 4; lastKnownFileType = sourcecode.swift; path = VideoEditor.swift; sourceTree = "<group>"; };
		4098EE65232D0838001255BB /* EditInfo.swift */ = {isa = PBXFileReference; fileEncoding = 4; lastKnownFileType = sourcecode.swift; path = EditInfo.swift; sourceTree = "<group>"; };
		4098EE66232D0838001255BB /* EventHub.swift */ = {isa = PBXFileReference; fileEncoding = 4; lastKnownFileType = sourcecode.swift; path = EventHub.swift; sourceTree = "<group>"; };
		4098EE67232D0838001255BB /* GalleryBundle.swift */ = {isa = PBXFileReference; fileEncoding = 4; lastKnownFileType = sourcecode.swift; path = GalleryBundle.swift; sourceTree = "<group>"; };
		4098EE68232D0838001255BB /* Config.swift */ = {isa = PBXFileReference; fileEncoding = 4; lastKnownFileType = sourcecode.swift; path = Config.swift; sourceTree = "<group>"; };
		4098EE6A232D0838001255BB /* Array+Extensions.swift */ = {isa = PBXFileReference; fileEncoding = 4; lastKnownFileType = sourcecode.swift; path = "Array+Extensions.swift"; sourceTree = "<group>"; };
		4098EE6B232D0838001255BB /* UIImageView+Extensions.swift */ = {isa = PBXFileReference; fileEncoding = 4; lastKnownFileType = sourcecode.swift; path = "UIImageView+Extensions.swift"; sourceTree = "<group>"; };
		4098EE6C232D0838001255BB /* UIViewController+Extensions.swift */ = {isa = PBXFileReference; fileEncoding = 4; lastKnownFileType = sourcecode.swift; path = "UIViewController+Extensions.swift"; sourceTree = "<group>"; };
		4098EE6D232D0838001255BB /* UIView+Extensions.swift */ = {isa = PBXFileReference; fileEncoding = 4; lastKnownFileType = sourcecode.swift; path = "UIView+Extensions.swift"; sourceTree = "<group>"; };
		4098EE6E232D0838001255BB /* String+Extensions.swift */ = {isa = PBXFileReference; fileEncoding = 4; lastKnownFileType = sourcecode.swift; path = "String+Extensions.swift"; sourceTree = "<group>"; };
		4098EE6F232D0838001255BB /* AVAsset+Extensions.swift */ = {isa = PBXFileReference; fileEncoding = 4; lastKnownFileType = sourcecode.swift; path = "AVAsset+Extensions.swift"; sourceTree = "<group>"; };
		4098EE70232D0838001255BB /* UIScrollView+Extensions.swift */ = {isa = PBXFileReference; fileEncoding = 4; lastKnownFileType = sourcecode.swift; path = "UIScrollView+Extensions.swift"; sourceTree = "<group>"; };
		4098EE72232D0838001255BB /* EmptyView.swift */ = {isa = PBXFileReference; fileEncoding = 4; lastKnownFileType = sourcecode.swift; path = EmptyView.swift; sourceTree = "<group>"; };
		4098EE73232D0838001255BB /* FrameView.swift */ = {isa = PBXFileReference; fileEncoding = 4; lastKnownFileType = sourcecode.swift; path = FrameView.swift; sourceTree = "<group>"; };
		4098EE74232D0838001255BB /* AlbumCell.swift */ = {isa = PBXFileReference; fileEncoding = 4; lastKnownFileType = sourcecode.swift; path = AlbumCell.swift; sourceTree = "<group>"; };
		4098EE75232D0838001255BB /* ArrowButton.swift */ = {isa = PBXFileReference; fileEncoding = 4; lastKnownFileType = sourcecode.swift; path = ArrowButton.swift; sourceTree = "<group>"; };
		4098EE76232D0838001255BB /* GridView.swift */ = {isa = PBXFileReference; fileEncoding = 4; lastKnownFileType = sourcecode.swift; path = GridView.swift; sourceTree = "<group>"; };
		4098EE77232D0838001255BB /* Fetcher.swift */ = {isa = PBXFileReference; fileEncoding = 4; lastKnownFileType = sourcecode.swift; path = Fetcher.swift; sourceTree = "<group>"; };
		4098EE78232D0838001255BB /* Utils.swift */ = {isa = PBXFileReference; fileEncoding = 4; lastKnownFileType = sourcecode.swift; path = Utils.swift; sourceTree = "<group>"; };
		4098EE7A232D0838001255BB /* Permission.swift */ = {isa = PBXFileReference; fileEncoding = 4; lastKnownFileType = sourcecode.swift; path = Permission.swift; sourceTree = "<group>"; };
		4098EE7B232D0838001255BB /* PermissionView.swift */ = {isa = PBXFileReference; fileEncoding = 4; lastKnownFileType = sourcecode.swift; path = PermissionView.swift; sourceTree = "<group>"; };
		4098EE7C232D0838001255BB /* PermissionController.swift */ = {isa = PBXFileReference; fileEncoding = 4; lastKnownFileType = sourcecode.swift; path = PermissionController.swift; sourceTree = "<group>"; };
		4098EE7D232D0838001255BB /* LocationManager.swift */ = {isa = PBXFileReference; fileEncoding = 4; lastKnownFileType = sourcecode.swift; path = LocationManager.swift; sourceTree = "<group>"; };
		4098EE7F232D0838001255BB /* PagesController.swift */ = {isa = PBXFileReference; fileEncoding = 4; lastKnownFileType = sourcecode.swift; path = PagesController.swift; sourceTree = "<group>"; };
		4098EE80232D0838001255BB /* PageIndicator.swift */ = {isa = PBXFileReference; fileEncoding = 4; lastKnownFileType = sourcecode.swift; path = PageIndicator.swift; sourceTree = "<group>"; };
		4098EE82232D0838001255BB /* VideosController.swift */ = {isa = PBXFileReference; fileEncoding = 4; lastKnownFileType = sourcecode.swift; path = VideosController.swift; sourceTree = "<group>"; };
		4098EE83232D0838001255BB /* VideosLibrary.swift */ = {isa = PBXFileReference; fileEncoding = 4; lastKnownFileType = sourcecode.swift; path = VideosLibrary.swift; sourceTree = "<group>"; };
		4098EE84232D0838001255BB /* VideoCell.swift */ = {isa = PBXFileReference; fileEncoding = 4; lastKnownFileType = sourcecode.swift; path = VideoCell.swift; sourceTree = "<group>"; };
		4098EE85232D0838001255BB /* VideoBox.swift */ = {isa = PBXFileReference; fileEncoding = 4; lastKnownFileType = sourcecode.swift; path = VideoBox.swift; sourceTree = "<group>"; };
		4098EE86232D0838001255BB /* Video.swift */ = {isa = PBXFileReference; fileEncoding = 4; lastKnownFileType = sourcecode.swift; path = Video.swift; sourceTree = "<group>"; };
/* End PBXFileReference section */

/* Begin PBXFrameworksBuildPhase section */
		4098EE17232D0816001255BB /* Frameworks */ = {
			isa = PBXFrameworksBuildPhase;
			buildActionMask = 2147483647;
			files = (
			);
			runOnlyForDeploymentPostprocessing = 0;
		};
		4098EE2B232D0816001255BB /* Frameworks */ = {
			isa = PBXFrameworksBuildPhase;
			buildActionMask = 2147483647;
			files = (
			);
			runOnlyForDeploymentPostprocessing = 0;
		};
		4098EE36232D0816001255BB /* Frameworks */ = {
			isa = PBXFrameworksBuildPhase;
			buildActionMask = 2147483647;
			files = (
			);
			runOnlyForDeploymentPostprocessing = 0;
		};
/* End PBXFrameworksBuildPhase section */

/* Begin PBXGroup section */
		4098EE11232D0815001255BB = {
			isa = PBXGroup;
			children = (
				4098EE1C232D0816001255BB /* RDGalleryPicker */,
				4098EE31232D0816001255BB /* RDGalleryPickerTests */,
				4098EE3C232D0816001255BB /* RDGalleryPickerUITests */,
				4098EE1B232D0816001255BB /* Products */,
			);
			sourceTree = "<group>";
		};
		4098EE1B232D0816001255BB /* Products */ = {
			isa = PBXGroup;
			children = (
				4098EE1A232D0816001255BB /* RDGalleryPicker.app */,
				4098EE2E232D0816001255BB /* RDGalleryPickerTests.xctest */,
				4098EE39232D0816001255BB /* RDGalleryPickerUITests.xctest */,
			);
			name = Products;
			sourceTree = "<group>";
		};
		4098EE1C232D0816001255BB /* RDGalleryPicker */ = {
			isa = PBXGroup;
			children = (
				4098EE4B232D0838001255BB /* Sources */,
				4098EE1D232D0816001255BB /* AppDelegate.swift */,
				4098EE1F232D0816001255BB /* ViewController.swift */,
				4098EE21232D0816001255BB /* Main.storyboard */,
				4098EE24232D0816001255BB /* Assets.xcassets */,
				4098EE26232D0816001255BB /* LaunchScreen.storyboard */,
				4098EE29232D0816001255BB /* Info.plist */,
			);
			path = RDGalleryPicker;
			sourceTree = "<group>";
		};
		4098EE31232D0816001255BB /* RDGalleryPickerTests */ = {
			isa = PBXGroup;
			children = (
				4098EE32232D0816001255BB /* RDGalleryPickerTests.swift */,
				4098EE34232D0816001255BB /* Info.plist */,
			);
			path = RDGalleryPickerTests;
			sourceTree = "<group>";
		};
		4098EE3C232D0816001255BB /* RDGalleryPickerUITests */ = {
			isa = PBXGroup;
			children = (
				4098EE3D232D0816001255BB /* RDGalleryPickerUITests.swift */,
				4098EE3F232D0816001255BB /* Info.plist */,
			);
			path = RDGalleryPickerUITests;
			sourceTree = "<group>";
		};
		4098EE4B232D0838001255BB /* Sources */ = {
			isa = PBXGroup;
			children = (
				4098EE4C232D0838001255BB /* Images */,
				4098EE53232D0838001255BB /* Camera */,
				4098EE5A232D0838001255BB /* Gallery */,
				4098EE5C232D0838001255BB /* Utils */,
				4098EE81232D0838001255BB /* Videos */,
			);
			path = Sources;
			sourceTree = "<group>";
		};
		4098EE4C232D0838001255BB /* Images */ = {
			isa = PBXGroup;
			children = (
				4098EE4D232D0838001255BB /* ImagesController.swift */,
				4098EE4E232D0838001255BB /* Album.swift */,
				4098EE4F232D0838001255BB /* Image.swift */,
				4098EE50232D0838001255BB /* ImagesLibrary.swift */,
				4098EE51232D0838001255BB /* Cart.swift */,
				4098EE52232D0838001255BB /* ImageCell.swift */,
			);
			path = Images;
			sourceTree = "<group>";
		};
		4098EE53232D0838001255BB /* Camera */ = {
			isa = PBXGroup;
			children = (
				4098EE54232D0838001255BB /* TripleButton.swift */,
				4098EE55232D0838001255BB /* CameraController.swift */,
				4098EE56232D0838001255BB /* ShutterButton.swift */,
				4098EE57232D0838001255BB /* CameraMan.swift */,
				4098EE58232D0838001255BB /* StackView.swift */,
				4098EE59232D0838001255BB /* CameraView.swift */,
			);
			path = Camera;
			sourceTree = "<group>";
		};
		4098EE5A232D0838001255BB /* Gallery */ = {
			isa = PBXGroup;
			children = (
				4098EE5B232D0838001255BB /* GalleryController.swift */,
			);
			path = Gallery;
			sourceTree = "<group>";
		};
		4098EE5C232D0838001255BB /* Utils */ = {
			isa = PBXGroup;
			children = (
				4098EE5D232D0838001255BB /* Once.swift */,
				4098EE5E232D0838001255BB /* Dropdown */,
				4098EE60232D0838001255BB /* Constraints.swift */,
				4098EE61232D0838001255BB /* VideoEditor */,
				4098EE66232D0838001255BB /* EventHub.swift */,
				4098EE67232D0838001255BB /* GalleryBundle.swift */,
				4098EE68232D0838001255BB /* Config.swift */,
				4098EE69232D0838001255BB /* Extensions */,
				4098EE71232D0838001255BB /* View */,
				4098EE77232D0838001255BB /* Fetcher.swift */,
				4098EE78232D0838001255BB /* Utils.swift */,
				4098EE79232D0838001255BB /* Permission */,
				4098EE7D232D0838001255BB /* LocationManager.swift */,
				4098EE7E232D0838001255BB /* Pages */,
			);
			path = Utils;
			sourceTree = "<group>";
		};
		4098EE5E232D0838001255BB /* Dropdown */ = {
			isa = PBXGroup;
			children = (
				4098EE5F232D0838001255BB /* DropdownController.swift */,
			);
			path = Dropdown;
			sourceTree = "<group>";
		};
		4098EE61232D0838001255BB /* VideoEditor */ = {
			isa = PBXGroup;
			children = (
				4098EE62232D0838001255BB /* AdvancedVideoEditor.swift */,
				4098EE63232D0838001255BB /* VideoEditing.swift */,
				4098EE64232D0838001255BB /* VideoEditor.swift */,
				4098EE65232D0838001255BB /* EditInfo.swift */,
			);
			path = VideoEditor;
			sourceTree = "<group>";
		};
		4098EE69232D0838001255BB /* Extensions */ = {
			isa = PBXGroup;
			children = (
				4098EE6A232D0838001255BB /* Array+Extensions.swift */,
				4098EE6B232D0838001255BB /* UIImageView+Extensions.swift */,
				4098EE6C232D0838001255BB /* UIViewController+Extensions.swift */,
				4098EE6D232D0838001255BB /* UIView+Extensions.swift */,
				4098EE6E232D0838001255BB /* String+Extensions.swift */,
				4098EE6F232D0838001255BB /* AVAsset+Extensions.swift */,
				4098EE70232D0838001255BB /* UIScrollView+Extensions.swift */,
			);
			path = Extensions;
			sourceTree = "<group>";
		};
		4098EE71232D0838001255BB /* View */ = {
			isa = PBXGroup;
			children = (
				4098EE72232D0838001255BB /* EmptyView.swift */,
				4098EE73232D0838001255BB /* FrameView.swift */,
				4098EE74232D0838001255BB /* AlbumCell.swift */,
				4098EE75232D0838001255BB /* ArrowButton.swift */,
				4098EE76232D0838001255BB /* GridView.swift */,
			);
			path = View;
			sourceTree = "<group>";
		};
		4098EE79232D0838001255BB /* Permission */ = {
			isa = PBXGroup;
			children = (
				4098EE7A232D0838001255BB /* Permission.swift */,
				4098EE7B232D0838001255BB /* PermissionView.swift */,
				4098EE7C232D0838001255BB /* PermissionController.swift */,
			);
			path = Permission;
			sourceTree = "<group>";
		};
		4098EE7E232D0838001255BB /* Pages */ = {
			isa = PBXGroup;
			children = (
				4098EE7F232D0838001255BB /* PagesController.swift */,
				4098EE80232D0838001255BB /* PageIndicator.swift */,
			);
			path = Pages;
			sourceTree = "<group>";
		};
		4098EE81232D0838001255BB /* Videos */ = {
			isa = PBXGroup;
			children = (
				4098EE82232D0838001255BB /* VideosController.swift */,
				4098EE83232D0838001255BB /* VideosLibrary.swift */,
				4098EE84232D0838001255BB /* VideoCell.swift */,
				4098EE85232D0838001255BB /* VideoBox.swift */,
				4098EE86232D0838001255BB /* Video.swift */,
			);
			path = Videos;
			sourceTree = "<group>";
		};
/* End PBXGroup section */

/* Begin PBXNativeTarget section */
		4098EE19232D0816001255BB /* RDGalleryPicker */ = {
			isa = PBXNativeTarget;
			buildConfigurationList = 4098EE42232D0816001255BB /* Build configuration list for PBXNativeTarget "RDGalleryPicker" */;
			buildPhases = (
				4098EE16232D0816001255BB /* Sources */,
				4098EE17232D0816001255BB /* Frameworks */,
				4098EE18232D0816001255BB /* Resources */,
			);
			buildRules = (
			);
			dependencies = (
			);
			name = RDGalleryPicker;
			productName = RDGalleryPicker;
			productReference = 4098EE1A232D0816001255BB /* RDGalleryPicker.app */;
			productType = "com.apple.product-type.application";
		};
		4098EE2D232D0816001255BB /* RDGalleryPickerTests */ = {
			isa = PBXNativeTarget;
			buildConfigurationList = 4098EE45232D0816001255BB /* Build configuration list for PBXNativeTarget "RDGalleryPickerTests" */;
			buildPhases = (
				4098EE2A232D0816001255BB /* Sources */,
				4098EE2B232D0816001255BB /* Frameworks */,
				4098EE2C232D0816001255BB /* Resources */,
			);
			buildRules = (
			);
			dependencies = (
				4098EE30232D0816001255BB /* PBXTargetDependency */,
			);
			name = RDGalleryPickerTests;
			productName = RDGalleryPickerTests;
			productReference = 4098EE2E232D0816001255BB /* RDGalleryPickerTests.xctest */;
			productType = "com.apple.product-type.bundle.unit-test";
		};
		4098EE38232D0816001255BB /* RDGalleryPickerUITests */ = {
			isa = PBXNativeTarget;
			buildConfigurationList = 4098EE48232D0816001255BB /* Build configuration list for PBXNativeTarget "RDGalleryPickerUITests" */;
			buildPhases = (
				4098EE35232D0816001255BB /* Sources */,
				4098EE36232D0816001255BB /* Frameworks */,
				4098EE37232D0816001255BB /* Resources */,
			);
			buildRules = (
			);
			dependencies = (
				4098EE3B232D0816001255BB /* PBXTargetDependency */,
			);
			name = RDGalleryPickerUITests;
			productName = RDGalleryPickerUITests;
			productReference = 4098EE39232D0816001255BB /* RDGalleryPickerUITests.xctest */;
			productType = "com.apple.product-type.bundle.ui-testing";
		};
/* End PBXNativeTarget section */

/* Begin PBXProject section */
		4098EE12232D0815001255BB /* Project object */ = {
			isa = PBXProject;
			attributes = {
				LastSwiftUpdateCheck = 1030;
				LastUpgradeCheck = 1030;
				ORGANIZATIONNAME = "Development House";
				TargetAttributes = {
					4098EE19232D0816001255BB = {
						CreatedOnToolsVersion = 10.3;
					};
					4098EE2D232D0816001255BB = {
						CreatedOnToolsVersion = 10.3;
						TestTargetID = 4098EE19232D0816001255BB;
					};
					4098EE38232D0816001255BB = {
						CreatedOnToolsVersion = 10.3;
						TestTargetID = 4098EE19232D0816001255BB;
					};
				};
			};
			buildConfigurationList = 4098EE15232D0815001255BB /* Build configuration list for PBXProject "RDGalleryPicker" */;
			compatibilityVersion = "Xcode 9.3";
			developmentRegion = en;
			hasScannedForEncodings = 0;
			knownRegions = (
				en,
				Base,
			);
			mainGroup = 4098EE11232D0815001255BB;
			productRefGroup = 4098EE1B232D0816001255BB /* Products */;
			projectDirPath = "";
			projectRoot = "";
			targets = (
				4098EE19232D0816001255BB /* RDGalleryPicker */,
				4098EE2D232D0816001255BB /* RDGalleryPickerTests */,
				4098EE38232D0816001255BB /* RDGalleryPickerUITests */,
			);
		};
/* End PBXProject section */

/* Begin PBXResourcesBuildPhase section */
		4098EE18232D0816001255BB /* Resources */ = {
			isa = PBXResourcesBuildPhase;
			buildActionMask = 2147483647;
			files = (
				4098EE28232D0816001255BB /* LaunchScreen.storyboard in Resources */,
				4098EE25232D0816001255BB /* Assets.xcassets in Resources */,
				4098EE23232D0816001255BB /* Main.storyboard in Resources */,
			);
			runOnlyForDeploymentPostprocessing = 0;
		};
		4098EE2C232D0816001255BB /* Resources */ = {
			isa = PBXResourcesBuildPhase;
			buildActionMask = 2147483647;
			files = (
			);
			runOnlyForDeploymentPostprocessing = 0;
		};
		4098EE37232D0816001255BB /* Resources */ = {
			isa = PBXResourcesBuildPhase;
			buildActionMask = 2147483647;
			files = (
			);
			runOnlyForDeploymentPostprocessing = 0;
		};
/* End PBXResourcesBuildPhase section */

/* Begin PBXSourcesBuildPhase section */
		4098EE16232D0816001255BB /* Sources */ = {
			isa = PBXSourcesBuildPhase;
			buildActionMask = 2147483647;
			files = (
				4098EEB0232D0838001255BB /* PagesController.swift in Sources */,
				4098EE93232D0838001255BB /* GalleryController.swift in Sources */,
				4098EE87232D0838001255BB /* ImagesController.swift in Sources */,
				4098EE92232D0838001255BB /* CameraView.swift in Sources */,
				4098EEAF232D0838001255BB /* LocationManager.swift in Sources */,
				4098EEA3232D0838001255BB /* AVAsset+Extensions.swift in Sources */,
				4098EEAC232D0838001255BB /* Permission.swift in Sources */,
				4098EE9F232D0838001255BB /* UIImageView+Extensions.swift in Sources */,
				4098EEAB232D0838001255BB /* Utils.swift in Sources */,
				4098EE20232D0816001255BB /* ViewController.swift in Sources */,
				4098EE99232D0838001255BB /* VideoEditor.swift in Sources */,
				4098EEA8232D0838001255BB /* ArrowButton.swift in Sources */,
				4098EE9A232D0838001255BB /* EditInfo.swift in Sources */,
				4098EE98232D0838001255BB /* VideoEditing.swift in Sources */,
				4098EE96232D0838001255BB /* Constraints.swift in Sources */,
				4098EE9C232D0838001255BB /* GalleryBundle.swift in Sources */,
				4098EEB5232D0838001255BB /* VideoBox.swift in Sources */,
				4098EEA2232D0838001255BB /* String+Extensions.swift in Sources */,
				4098EEB4232D0838001255BB /* VideoCell.swift in Sources */,
				4098EEA6232D0838001255BB /* FrameView.swift in Sources */,
				4098EE9E232D0838001255BB /* Array+Extensions.swift in Sources */,
				4098EEA5232D0838001255BB /* EmptyView.swift in Sources */,
				4098EE8F232D0838001255BB /* ShutterButton.swift in Sources */,
				4098EE8D232D0838001255BB /* TripleButton.swift in Sources */,
				4098EEAE232D0838001255BB /* PermissionController.swift in Sources */,
				4098EEAD232D0838001255BB /* PermissionView.swift in Sources */,
				4098EEA7232D0838001255BB /* AlbumCell.swift in Sources */,
				4098EE9B232D0838001255BB /* EventHub.swift in Sources */,
				4098EE9D232D0838001255BB /* Config.swift in Sources */,
				4098EE1E232D0816001255BB /* AppDelegate.swift in Sources */,
				4098EE8E232D0838001255BB /* CameraController.swift in Sources */,
				4098EE8B232D0838001255BB /* Cart.swift in Sources */,
				4098EE90232D0838001255BB /* CameraMan.swift in Sources */,
				4098EE94232D0838001255BB /* Once.swift in Sources */,
				4098EE8A232D0838001255BB /* ImagesLibrary.swift in Sources */,
				4098EEAA232D0838001255BB /* Fetcher.swift in Sources */,
				4098EE97232D0838001255BB /* AdvancedVideoEditor.swift in Sources */,
				4098EEB2232D0838001255BB /* VideosController.swift in Sources */,
				4098EE95232D0838001255BB /* DropdownController.swift in Sources */,
				4098EEA1232D0838001255BB /* UIView+Extensions.swift in Sources */,
				4098EE91232D0838001255BB /* StackView.swift in Sources */,
				4098EEA4232D0838001255BB /* UIScrollView+Extensions.swift in Sources */,
				4098EEA0232D0838001255BB /* UIViewController+Extensions.swift in Sources */,
				4098EEA9232D0838001255BB /* GridView.swift in Sources */,
				4098EEB3232D0838001255BB /* VideosLibrary.swift in Sources */,
				4098EE8C232D0838001255BB /* ImageCell.swift in Sources */,
				4098EE88232D0838001255BB /* Album.swift in Sources */,
				4098EEB1232D0838001255BB /* PageIndicator.swift in Sources */,
				4098EE89232D0838001255BB /* Image.swift in Sources */,
				4098EEB6232D0838001255BB /* Video.swift in Sources */,
			);
			runOnlyForDeploymentPostprocessing = 0;
		};
		4098EE2A232D0816001255BB /* Sources */ = {
			isa = PBXSourcesBuildPhase;
			buildActionMask = 2147483647;
			files = (
				4098EE33232D0816001255BB /* RDGalleryPickerTests.swift in Sources */,
			);
			runOnlyForDeploymentPostprocessing = 0;
		};
		4098EE35232D0816001255BB /* Sources */ = {
			isa = PBXSourcesBuildPhase;
			buildActionMask = 2147483647;
			files = (
				4098EE3E232D0816001255BB /* RDGalleryPickerUITests.swift in Sources */,
			);
			runOnlyForDeploymentPostprocessing = 0;
		};
/* End PBXSourcesBuildPhase section */

/* Begin PBXTargetDependency section */
		4098EE30232D0816001255BB /* PBXTargetDependency */ = {
			isa = PBXTargetDependency;
			target = 4098EE19232D0816001255BB /* RDGalleryPicker */;
			targetProxy = 4098EE2F232D0816001255BB /* PBXContainerItemProxy */;
		};
		4098EE3B232D0816001255BB /* PBXTargetDependency */ = {
			isa = PBXTargetDependency;
			target = 4098EE19232D0816001255BB /* RDGalleryPicker */;
			targetProxy = 4098EE3A232D0816001255BB /* PBXContainerItemProxy */;
		};
/* End PBXTargetDependency section */

/* Begin PBXVariantGroup section */
		4098EE21232D0816001255BB /* Main.storyboard */ = {
			isa = PBXVariantGroup;
			children = (
				4098EE22232D0816001255BB /* Base */,
			);
			name = Main.storyboard;
			sourceTree = "<group>";
		};
		4098EE26232D0816001255BB /* LaunchScreen.storyboard */ = {
			isa = PBXVariantGroup;
			children = (
				4098EE27232D0816001255BB /* Base */,
			);
			name = LaunchScreen.storyboard;
			sourceTree = "<group>";
		};
/* End PBXVariantGroup section */

/* Begin XCBuildConfiguration section */
		4098EE40232D0816001255BB /* Debug */ = {
			isa = XCBuildConfiguration;
			buildSettings = {
				ALWAYS_SEARCH_USER_PATHS = NO;
				CLANG_ANALYZER_NONNULL = YES;
				CLANG_ANALYZER_NUMBER_OBJECT_CONVERSION = YES_AGGRESSIVE;
				CLANG_CXX_LANGUAGE_STANDARD = "gnu++14";
				CLANG_CXX_LIBRARY = "libc++";
				CLANG_ENABLE_MODULES = YES;
				CLANG_ENABLE_OBJC_ARC = YES;
				CLANG_ENABLE_OBJC_WEAK = YES;
				CLANG_WARN_BLOCK_CAPTURE_AUTORELEASING = YES;
				CLANG_WARN_BOOL_CONVERSION = YES;
				CLANG_WARN_COMMA = YES;
				CLANG_WARN_CONSTANT_CONVERSION = YES;
				CLANG_WARN_DEPRECATED_OBJC_IMPLEMENTATIONS = YES;
				CLANG_WARN_DIRECT_OBJC_ISA_USAGE = YES_ERROR;
				CLANG_WARN_DOCUMENTATION_COMMENTS = YES;
				CLANG_WARN_EMPTY_BODY = YES;
				CLANG_WARN_ENUM_CONVERSION = YES;
				CLANG_WARN_INFINITE_RECURSION = YES;
				CLANG_WARN_INT_CONVERSION = YES;
				CLANG_WARN_NON_LITERAL_NULL_CONVERSION = YES;
				CLANG_WARN_OBJC_IMPLICIT_RETAIN_SELF = YES;
				CLANG_WARN_OBJC_LITERAL_CONVERSION = YES;
				CLANG_WARN_OBJC_ROOT_CLASS = YES_ERROR;
				CLANG_WARN_RANGE_LOOP_ANALYSIS = YES;
				CLANG_WARN_STRICT_PROTOTYPES = YES;
				CLANG_WARN_SUSPICIOUS_MOVE = YES;
				CLANG_WARN_UNGUARDED_AVAILABILITY = YES_AGGRESSIVE;
				CLANG_WARN_UNREACHABLE_CODE = YES;
				CLANG_WARN__DUPLICATE_METHOD_MATCH = YES;
				CODE_SIGN_IDENTITY = "iPhone Developer";
				COPY_PHASE_STRIP = NO;
				DEBUG_INFORMATION_FORMAT = dwarf;
				ENABLE_STRICT_OBJC_MSGSEND = YES;
				ENABLE_TESTABILITY = YES;
				GCC_C_LANGUAGE_STANDARD = gnu11;
				GCC_DYNAMIC_NO_PIC = NO;
				GCC_NO_COMMON_BLOCKS = YES;
				GCC_OPTIMIZATION_LEVEL = 0;
				GCC_PREPROCESSOR_DEFINITIONS = (
					"DEBUG=1",
					"$(inherited)",
				);
				GCC_WARN_64_TO_32_BIT_CONVERSION = YES;
				GCC_WARN_ABOUT_RETURN_TYPE = YES_ERROR;
				GCC_WARN_UNDECLARED_SELECTOR = YES;
				GCC_WARN_UNINITIALIZED_AUTOS = YES_AGGRESSIVE;
				GCC_WARN_UNUSED_FUNCTION = YES;
				GCC_WARN_UNUSED_VARIABLE = YES;
				IPHONEOS_DEPLOYMENT_TARGET = 12.4;
				MTL_ENABLE_DEBUG_INFO = INCLUDE_SOURCE;
				MTL_FAST_MATH = YES;
				ONLY_ACTIVE_ARCH = YES;
				SDKROOT = iphoneos;
				SWIFT_ACTIVE_COMPILATION_CONDITIONS = DEBUG;
				SWIFT_OPTIMIZATION_LEVEL = "-Onone";
			};
			name = Debug;
		};
		4098EE41232D0816001255BB /* Release */ = {
			isa = XCBuildConfiguration;
			buildSettings = {
				ALWAYS_SEARCH_USER_PATHS = NO;
				CLANG_ANALYZER_NONNULL = YES;
				CLANG_ANALYZER_NUMBER_OBJECT_CONVERSION = YES_AGGRESSIVE;
				CLANG_CXX_LANGUAGE_STANDARD = "gnu++14";
				CLANG_CXX_LIBRARY = "libc++";
				CLANG_ENABLE_MODULES = YES;
				CLANG_ENABLE_OBJC_ARC = YES;
				CLANG_ENABLE_OBJC_WEAK = YES;
				CLANG_WARN_BLOCK_CAPTURE_AUTORELEASING = YES;
				CLANG_WARN_BOOL_CONVERSION = YES;
				CLANG_WARN_COMMA = YES;
				CLANG_WARN_CONSTANT_CONVERSION = YES;
				CLANG_WARN_DEPRECATED_OBJC_IMPLEMENTATIONS = YES;
				CLANG_WARN_DIRECT_OBJC_ISA_USAGE = YES_ERROR;
				CLANG_WARN_DOCUMENTATION_COMMENTS = YES;
				CLANG_WARN_EMPTY_BODY = YES;
				CLANG_WARN_ENUM_CONVERSION = YES;
				CLANG_WARN_INFINITE_RECURSION = YES;
				CLANG_WARN_INT_CONVERSION = YES;
				CLANG_WARN_NON_LITERAL_NULL_CONVERSION = YES;
				CLANG_WARN_OBJC_IMPLICIT_RETAIN_SELF = YES;
				CLANG_WARN_OBJC_LITERAL_CONVERSION = YES;
				CLANG_WARN_OBJC_ROOT_CLASS = YES_ERROR;
				CLANG_WARN_RANGE_LOOP_ANALYSIS = YES;
				CLANG_WARN_STRICT_PROTOTYPES = YES;
				CLANG_WARN_SUSPICIOUS_MOVE = YES;
				CLANG_WARN_UNGUARDED_AVAILABILITY = YES_AGGRESSIVE;
				CLANG_WARN_UNREACHABLE_CODE = YES;
				CLANG_WARN__DUPLICATE_METHOD_MATCH = YES;
				CODE_SIGN_IDENTITY = "iPhone Developer";
				COPY_PHASE_STRIP = NO;
				DEBUG_INFORMATION_FORMAT = "dwarf-with-dsym";
				ENABLE_NS_ASSERTIONS = NO;
				ENABLE_STRICT_OBJC_MSGSEND = YES;
				GCC_C_LANGUAGE_STANDARD = gnu11;
				GCC_NO_COMMON_BLOCKS = YES;
				GCC_WARN_64_TO_32_BIT_CONVERSION = YES;
				GCC_WARN_ABOUT_RETURN_TYPE = YES_ERROR;
				GCC_WARN_UNDECLARED_SELECTOR = YES;
				GCC_WARN_UNINITIALIZED_AUTOS = YES_AGGRESSIVE;
				GCC_WARN_UNUSED_FUNCTION = YES;
				GCC_WARN_UNUSED_VARIABLE = YES;
				IPHONEOS_DEPLOYMENT_TARGET = 12.4;
				MTL_ENABLE_DEBUG_INFO = NO;
				MTL_FAST_MATH = YES;
				SDKROOT = iphoneos;
				SWIFT_COMPILATION_MODE = wholemodule;
				SWIFT_OPTIMIZATION_LEVEL = "-O";
				VALIDATE_PRODUCT = YES;
			};
			name = Release;
		};
		4098EE43232D0816001255BB /* Debug */ = {
			isa = XCBuildConfiguration;
			buildSettings = {
				ASSETCATALOG_COMPILER_APPICON_NAME = AppIcon;
				CODE_SIGN_STYLE = Automatic;
				DEVELOPMENT_TEAM = S4X4KH6498;
				INFOPLIST_FILE = RDGalleryPicker/Info.plist;
				IPHONEOS_DEPLOYMENT_TARGET = 9.0;
				LD_RUNPATH_SEARCH_PATHS = (
					"$(inherited)",
					"@executable_path/Frameworks",
				);
				PRODUCT_BUNDLE_IDENTIFIER = com.developmentHouse.RDGalleryPicker;
				PRODUCT_NAME = "$(TARGET_NAME)";
				SWIFT_VERSION = 5.0;
				TARGETED_DEVICE_FAMILY = "1,2";
			};
			name = Debug;
		};
		4098EE44232D0816001255BB /* Release */ = {
			isa = XCBuildConfiguration;
			buildSettings = {
				ASSETCATALOG_COMPILER_APPICON_NAME = AppIcon;
				CODE_SIGN_STYLE = Automatic;
				DEVELOPMENT_TEAM = S4X4KH6498;
				INFOPLIST_FILE = RDGalleryPicker/Info.plist;
				IPHONEOS_DEPLOYMENT_TARGET = 9.0;
				LD_RUNPATH_SEARCH_PATHS = (
					"$(inherited)",
					"@executable_path/Frameworks",
				);
				PRODUCT_BUNDLE_IDENTIFIER = com.developmentHouse.RDGalleryPicker;
				PRODUCT_NAME = "$(TARGET_NAME)";
				SWIFT_VERSION = 5.0;
				TARGETED_DEVICE_FAMILY = "1,2";
			};
			name = Release;
		};
		4098EE46232D0816001255BB /* Debug */ = {
			isa = XCBuildConfiguration;
			buildSettings = {
				ALWAYS_EMBED_SWIFT_STANDARD_LIBRARIES = YES;
				BUNDLE_LOADER = "$(TEST_HOST)";
				CODE_SIGN_STYLE = Automatic;
				DEVELOPMENT_TEAM = S4X4KH6498;
				INFOPLIST_FILE = RDGalleryPickerTests/Info.plist;
				LD_RUNPATH_SEARCH_PATHS = (
					"$(inherited)",
					"@executable_path/Frameworks",
					"@loader_path/Frameworks",
				);
				PRODUCT_BUNDLE_IDENTIFIER = com.developmentHouse.RDGalleryPickerTests;
				PRODUCT_NAME = "$(TARGET_NAME)";
				SWIFT_VERSION = 5.0;
				TARGETED_DEVICE_FAMILY = "1,2";
				TEST_HOST = "$(BUILT_PRODUCTS_DIR)/RDGalleryPicker.app/RDGalleryPicker";
			};
			name = Debug;
		};
		4098EE47232D0816001255BB /* Release */ = {
			isa = XCBuildConfiguration;
			buildSettings = {
				ALWAYS_EMBED_SWIFT_STANDARD_LIBRARIES = YES;
				BUNDLE_LOADER = "$(TEST_HOST)";
				CODE_SIGN_STYLE = Automatic;
				DEVELOPMENT_TEAM = S4X4KH6498;
				INFOPLIST_FILE = RDGalleryPickerTests/Info.plist;
				LD_RUNPATH_SEARCH_PATHS = (
					"$(inherited)",
					"@executable_path/Frameworks",
					"@loader_path/Frameworks",
				);
				PRODUCT_BUNDLE_IDENTIFIER = com.developmentHouse.RDGalleryPickerTests;
				PRODUCT_NAME = "$(TARGET_NAME)";
				SWIFT_VERSION = 5.0;
				TARGETED_DEVICE_FAMILY = "1,2";
				TEST_HOST = "$(BUILT_PRODUCTS_DIR)/RDGalleryPicker.app/RDGalleryPicker";
			};
			name = Release;
		};
		4098EE49232D0816001255BB /* Debug */ = {
			isa = XCBuildConfiguration;
			buildSettings = {
				ALWAYS_EMBED_SWIFT_STANDARD_LIBRARIES = YES;
				CODE_SIGN_STYLE = Automatic;
				DEVELOPMENT_TEAM = S4X4KH6498;
				INFOPLIST_FILE = RDGalleryPickerUITests/Info.plist;
				LD_RUNPATH_SEARCH_PATHS = (
					"$(inherited)",
					"@executable_path/Frameworks",
					"@loader_path/Frameworks",
				);
				PRODUCT_BUNDLE_IDENTIFIER = com.developmentHouse.RDGalleryPickerUITests;
				PRODUCT_NAME = "$(TARGET_NAME)";
				SWIFT_VERSION = 5.0;
				TARGETED_DEVICE_FAMILY = "1,2";
				TEST_TARGET_NAME = RDGalleryPicker;
			};
			name = Debug;
		};
		4098EE4A232D0816001255BB /* Release */ = {
			isa = XCBuildConfiguration;
			buildSettings = {
				ALWAYS_EMBED_SWIFT_STANDARD_LIBRARIES = YES;
				CODE_SIGN_STYLE = Automatic;
				DEVELOPMENT_TEAM = S4X4KH6498;
				INFOPLIST_FILE = RDGalleryPickerUITests/Info.plist;
				LD_RUNPATH_SEARCH_PATHS = (
					"$(inherited)",
					"@executable_path/Frameworks",
					"@loader_path/Frameworks",
				);
				PRODUCT_BUNDLE_IDENTIFIER = com.developmentHouse.RDGalleryPickerUITests;
				PRODUCT_NAME = "$(TARGET_NAME)";
				SWIFT_VERSION = 5.0;
				TARGETED_DEVICE_FAMILY = "1,2";
				TEST_TARGET_NAME = RDGalleryPicker;
			};
			name = Release;
		};
/* End XCBuildConfiguration section */

/* Begin XCConfigurationList section */
		4098EE15232D0815001255BB /* Build configuration list for PBXProject "RDGalleryPicker" */ = {
			isa = XCConfigurationList;
			buildConfigurations = (
				4098EE40232D0816001255BB /* Debug */,
				4098EE41232D0816001255BB /* Release */,
			);
			defaultConfigurationIsVisible = 0;
			defaultConfigurationName = Release;
		};
		4098EE42232D0816001255BB /* Build configuration list for PBXNativeTarget "RDGalleryPicker" */ = {
			isa = XCConfigurationList;
			buildConfigurations = (
				4098EE43232D0816001255BB /* Debug */,
				4098EE44232D0816001255BB /* Release */,
			);
			defaultConfigurationIsVisible = 0;
			defaultConfigurationName = Release;
		};
		4098EE45232D0816001255BB /* Build configuration list for PBXNativeTarget "RDGalleryPickerTests" */ = {
			isa = XCConfigurationList;
			buildConfigurations = (
				4098EE46232D0816001255BB /* Debug */,
				4098EE47232D0816001255BB /* Release */,
			);
			defaultConfigurationIsVisible = 0;
			defaultConfigurationName = Release;
		};
		4098EE48232D0816001255BB /* Build configuration list for PBXNativeTarget "RDGalleryPickerUITests" */ = {
			isa = XCConfigurationList;
			buildConfigurations = (
				4098EE49232D0816001255BB /* Debug */,
				4098EE4A232D0816001255BB /* Release */,
			);
			defaultConfigurationIsVisible = 0;
			defaultConfigurationName = Release;
		};
/* End XCConfigurationList section */
	};
	rootObject = 4098EE12232D0815001255BB /* Project object */;
}
